
Microsoft Visual Studio Solution File, Format Version 12.00
# Visual Studio Version 17
VisualStudioVersion = 17.7.34009.444
MinimumVisualStudioVersion = 10.0.40219.1
Project("{9A19103F-16F7-4668-BE54-9A1E7A4F7556}") = "CoffeeShop", "CoffeeShop\CoffeeShop.csproj", "{A347A68F-5002-49DE-A090-ADF47638232E}"
EndProject
Project("{FAE04EC0-301F-11D3-BF4B-00C04F79EFBC}") = "CoffeeShopAPI", "CoffeeShopAPI\CoffeeShopAPI.csproj", "{CCE85BDB-824A-41A2-A722-D040D3F1863C}"
EndProject
Global
	GlobalSection(SolutionConfigurationPlatforms) = preSolution
		Debug|Any CPU = Debug|Any CPU
		Release|Any CPU = Release|Any CPU
	EndGlobalSection
	GlobalSection(ProjectConfigurationPlatforms) = postSolution
		{A347A68F-5002-49DE-A090-ADF47638232E}.Debug|Any CPU.ActiveCfg = Debug|Any CPU
		{A347A68F-5002-49DE-A090-ADF47638232E}.Debug|Any CPU.Build.0 = Debug|Any CPU
		{A347A68F-5002-49DE-A090-ADF47638232E}.Release|Any CPU.ActiveCfg = Release|Any CPU
		{A347A68F-5002-49DE-A090-ADF47638232E}.Release|Any CPU.Build.0 = Release|Any CPU
		{CCE85BDB-824A-41A2-A722-D040D3F1863C}.Debug|Any CPU.ActiveCfg = Debug|Any CPU
		{CCE85BDB-824A-41A2-A722-D040D3F1863C}.Debug|Any CPU.Build.0 = Debug|Any CPU
		{CCE85BDB-824A-41A2-A722-D040D3F1863C}.Release|Any CPU.ActiveCfg = Release|Any CPU
		{CCE85BDB-824A-41A2-A722-D040D3F1863C}.Release|Any CPU.Build.0 = Release|Any CPU
	EndGlobalSection
	GlobalSection(SolutionProperties) = preSolution
		HideSolutionNode = FALSE
	EndGlobalSection
	GlobalSection(ExtensibilityGlobals) = postSolution
		SolutionGuid = {D0570DEB-8888-4216-BCA2-B2AFBD76A3D0}
	EndGlobalSection
EndGlobal
